
Microsoft Visual Studio Solution File, Format Version 12.00
# Visual Studio Version 17
VisualStudioVersion = 17.3.32901.215
MinimumVisualStudioVersion = 10.0.40219.1
Project("{FAE04EC0-301F-11D3-BF4B-00C04F79EFBC}") = "Gerente", "Gerente.csproj", "{908167CC-2A6B-401F-AD88-ED0C8078D650}"
EndProject
Global
	GlobalSection(SolutionConfigurationPlatforms) = preSolution
		Debug|Any CPU = Debug|Any CPU
		Release|Any CPU = Release|Any CPU
	EndGlobalSection
	GlobalSection(ProjectConfigurationPlatforms) = postSolution
		{908167CC-2A6B-401F-AD88-ED0C8078D650}.Debug|Any CPU.ActiveCfg = Debug|Any CPU
		{908167CC-2A6B-401F-AD88-ED0C8078D650}.Debug|Any CPU.Build.0 = Debug|Any CPU
		{908167CC-2A6B-401F-AD88-ED0C8078D650}.Release|Any CPU.ActiveCfg = Release|Any CPU
		{908167CC-2A6B-401F-AD88-ED0C8078D650}.Release|Any CPU.Build.0 = Release|Any CPU
	EndGlobalSection
	GlobalSection(SolutionProperties) = preSolution
		HideSolutionNode = FALSE
	EndGlobalSection
	GlobalSection(ExtensibilityGlobals) = postSolution
		SolutionGuid = {B0CE5D49-E929-415B-89B6-B29307420DA6}
	EndGlobalSection
EndGlobal
