
Microsoft Visual Studio Solution File, Format Version 12.00
# Visual Studio Version 17
VisualStudioVersion = 17.3.32901.215
MinimumVisualStudioVersion = 10.0.40219.1
Project("{FAE04EC0-301F-11D3-BF4B-00C04F79EFBC}") = "Funcionario", "Funcionario.csproj", "{73B67F50-0B3A-44D7-A303-E57EE0B0005F}"
EndProject
Global
	GlobalSection(SolutionConfigurationPlatforms) = preSolution
		Debug|Any CPU = Debug|Any CPU
		Release|Any CPU = Release|Any CPU
	EndGlobalSection
	GlobalSection(ProjectConfigurationPlatforms) = postSolution
		{73B67F50-0B3A-44D7-A303-E57EE0B0005F}.Debug|Any CPU.ActiveCfg = Debug|Any CPU
		{73B67F50-0B3A-44D7-A303-E57EE0B0005F}.Debug|Any CPU.Build.0 = Debug|Any CPU
		{73B67F50-0B3A-44D7-A303-E57EE0B0005F}.Release|Any CPU.ActiveCfg = Release|Any CPU
		{73B67F50-0B3A-44D7-A303-E57EE0B0005F}.Release|Any CPU.Build.0 = Release|Any CPU
	EndGlobalSection
	GlobalSection(SolutionProperties) = preSolution
		HideSolutionNode = FALSE
	EndGlobalSection
	GlobalSection(ExtensibilityGlobals) = postSolution
		SolutionGuid = {7CB7D2C7-0411-4EBF-AAEC-737748E7E89B}
	EndGlobalSection
EndGlobal
